
Microsoft Visual Studio Solution File, Format Version 11.00
# Visual Studio 2010
Project("{FAE04EC0-301F-11D3-BF4B-00C04F79EFBC}") = "QFSW.QC", "QFSW.QC.csproj", "{1c00d132-294a-1e86-ef76-4e04a7247ba4}"
EndProject
Project("{FAE04EC0-301F-11D3-BF4B-00C04F79EFBC}") = "Assembly-CSharp", "Assembly-CSharp.csproj", "{a4040f91-8cfe-cdb7-2bd9-6e161ee16e71}"
EndProject
Project("{FAE04EC0-301F-11D3-BF4B-00C04F79EFBC}") = "ACTk.Runtime", "ACTk.Runtime.csproj", "{4f5c7491-cd79-f48e-0a70-e55e56a574e2}"
EndProject
Project("{FAE04EC0-301F-11D3-BF4B-00C04F79EFBC}") = "Assembly-CSharp-firstpass", "Assembly-CSharp-firstpass.csproj", "{9f4a781f-699b-7c39-51bf-01c714aefa16}"
EndProject
Project("{FAE04EC0-301F-11D3-BF4B-00C04F79EFBC}") = "QFSW.QC.Serializers", "QFSW.QC.Serializers.csproj", "{86ad0e37-3f1c-105d-5d2a-c80f303769f2}"
EndProject
Project("{FAE04EC0-301F-11D3-BF4B-00C04F79EFBC}") = "QFSW.QC.Grammar", "QFSW.QC.Grammar.csproj", "{0c150758-ae19-7935-8c8e-f005840d4311}"
EndProject
Project("{FAE04EC0-301F-11D3-BF4B-00C04F79EFBC}") = "ACTk.Examples.Runtime", "ACTk.Examples.Runtime.csproj", "{e052b619-ac23-b1a8-bce6-78f7b2e58552}"
EndProject
Project("{FAE04EC0-301F-11D3-BF4B-00C04F79EFBC}") = "QFSW.QC.Demo", "QFSW.QC.Demo.csproj", "{bc816767-152f-a5c9-175a-30c6b031a7c4}"
EndProject
Project("{FAE04EC0-301F-11D3-BF4B-00C04F79EFBC}") = "QFSW.QC.Extras", "QFSW.QC.Extras.csproj", "{2385c9b1-117e-12a5-a01c-c3bdfcf6be77}"
EndProject
Project("{FAE04EC0-301F-11D3-BF4B-00C04F79EFBC}") = "QFSW.QC.Parsers", "QFSW.QC.Parsers.csproj", "{3025ae4e-b7a8-6fdb-e7e5-319cb91e8735}"
EndProject
Project("{FAE04EC0-301F-11D3-BF4B-00C04F79EFBC}") = "QFSW.QC.UI", "QFSW.QC.UI.csproj", "{e63b4485-11be-7bba-0d3d-253ca2d343e7}"
EndProject
Project("{FAE04EC0-301F-11D3-BF4B-00C04F79EFBC}") = "ACTk.Examples.Genuine.Runtime", "ACTk.Examples.Genuine.Runtime.csproj", "{7d08201c-c856-2ac6-add1-0f29bfc4f7d6}"
EndProject
Project("{FAE04EC0-301F-11D3-BF4B-00C04F79EFBC}") = "CodeStage.Maintainer.Editor", "CodeStage.Maintainer.Editor.csproj", "{136be969-0c3d-eee8-bd03-ef08b9620735}"
EndProject
Project("{FAE04EC0-301F-11D3-BF4B-00C04F79EFBC}") = "ACTk.Editor", "ACTk.Editor.csproj", "{e065393c-dee9-570f-43c7-3ebb420cd5f0}"
EndProject
Project("{FAE04EC0-301F-11D3-BF4B-00C04F79EFBC}") = "ScriptInspector", "ScriptInspector.csproj", "{70b126fd-be0c-0452-7497-4260e03e434a}"
EndProject
Project("{FAE04EC0-301F-11D3-BF4B-00C04F79EFBC}") = "QFSW.QC.Editor", "QFSW.QC.Editor.csproj", "{783cd49e-be8e-3de1-1310-ef15fdfa7601}"
EndProject
Project("{FAE04EC0-301F-11D3-BF4B-00C04F79EFBC}") = "Assembly-CSharp-Editor", "Assembly-CSharp-Editor.csproj", "{3ac2777c-365d-e7ba-ba26-323183f82bae}"
EndProject
Project("{FAE04EC0-301F-11D3-BF4B-00C04F79EFBC}") = "Sirenix.OdinInspector.CompatibilityLayer.Editor", "Sirenix.OdinInspector.CompatibilityLayer.Editor.csproj", "{7bb13109-9f98-f976-97cf-16dacfbf1a10}"
EndProject
Project("{FAE04EC0-301F-11D3-BF4B-00C04F79EFBC}") = "QFSW.QC.QGUI", "QFSW.QC.QGUI.csproj", "{1af38703-c795-f30c-f043-05cc0b79c3d0}"
EndProject
Project("{FAE04EC0-301F-11D3-BF4B-00C04F79EFBC}") = "QFSW.QC.Editor.Tools", "QFSW.QC.Editor.Tools.csproj", "{e3274ba0-5656-328b-ea12-75339175a5c0}"
EndProject
Project("{FAE04EC0-301F-11D3-BF4B-00C04F79EFBC}") = "Assembly-CSharp-Editor-firstpass", "Assembly-CSharp-Editor-firstpass.csproj", "{1a1ca7cb-c499-a0ff-d999-a525389fd195}"
EndProject
Project("{FAE04EC0-301F-11D3-BF4B-00C04F79EFBC}") = "ACTk.Examples.Genuine.Editor", "ACTk.Examples.Genuine.Editor.csproj", "{74a69c71-5f97-22b1-1a74-a611afd2ec49}"
EndProject
Global
	GlobalSection(SolutionConfigurationPlatforms) = preSolution
		Debug|Any CPU = Debug|Any CPU
	EndGlobalSection
	GlobalSection(ProjectConfigurationPlatforms) = postSolution
		{1c00d132-294a-1e86-ef76-4e04a7247ba4}.Debug|Any CPU.ActiveCfg = Debug|Any CPU
		{1c00d132-294a-1e86-ef76-4e04a7247ba4}.Debug|Any CPU.Build.0 = Debug|Any CPU
		{a4040f91-8cfe-cdb7-2bd9-6e161ee16e71}.Debug|Any CPU.ActiveCfg = Debug|Any CPU
		{a4040f91-8cfe-cdb7-2bd9-6e161ee16e71}.Debug|Any CPU.Build.0 = Debug|Any CPU
		{4f5c7491-cd79-f48e-0a70-e55e56a574e2}.Debug|Any CPU.ActiveCfg = Debug|Any CPU
		{4f5c7491-cd79-f48e-0a70-e55e56a574e2}.Debug|Any CPU.Build.0 = Debug|Any CPU
		{9f4a781f-699b-7c39-51bf-01c714aefa16}.Debug|Any CPU.ActiveCfg = Debug|Any CPU
		{9f4a781f-699b-7c39-51bf-01c714aefa16}.Debug|Any CPU.Build.0 = Debug|Any CPU
		{86ad0e37-3f1c-105d-5d2a-c80f303769f2}.Debug|Any CPU.ActiveCfg = Debug|Any CPU
		{86ad0e37-3f1c-105d-5d2a-c80f303769f2}.Debug|Any CPU.Build.0 = Debug|Any CPU
		{0c150758-ae19-7935-8c8e-f005840d4311}.Debug|Any CPU.ActiveCfg = Debug|Any CPU
		{0c150758-ae19-7935-8c8e-f005840d4311}.Debug|Any CPU.Build.0 = Debug|Any CPU
		{e052b619-ac23-b1a8-bce6-78f7b2e58552}.Debug|Any CPU.ActiveCfg = Debug|Any CPU
		{e052b619-ac23-b1a8-bce6-78f7b2e58552}.Debug|Any CPU.Build.0 = Debug|Any CPU
		{bc816767-152f-a5c9-175a-30c6b031a7c4}.Debug|Any CPU.ActiveCfg = Debug|Any CPU
		{bc816767-152f-a5c9-175a-30c6b031a7c4}.Debug|Any CPU.Build.0 = Debug|Any CPU
		{2385c9b1-117e-12a5-a01c-c3bdfcf6be77}.Debug|Any CPU.ActiveCfg = Debug|Any CPU
		{2385c9b1-117e-12a5-a01c-c3bdfcf6be77}.Debug|Any CPU.Build.0 = Debug|Any CPU
		{3025ae4e-b7a8-6fdb-e7e5-319cb91e8735}.Debug|Any CPU.ActiveCfg = Debug|Any CPU
		{3025ae4e-b7a8-6fdb-e7e5-319cb91e8735}.Debug|Any CPU.Build.0 = Debug|Any CPU
		{e63b4485-11be-7bba-0d3d-253ca2d343e7}.Debug|Any CPU.ActiveCfg = Debug|Any CPU
		{e63b4485-11be-7bba-0d3d-253ca2d343e7}.Debug|Any CPU.Build.0 = Debug|Any CPU
		{7d08201c-c856-2ac6-add1-0f29bfc4f7d6}.Debug|Any CPU.ActiveCfg = Debug|Any CPU
		{7d08201c-c856-2ac6-add1-0f29bfc4f7d6}.Debug|Any CPU.Build.0 = Debug|Any CPU
		{136be969-0c3d-eee8-bd03-ef08b9620735}.Debug|Any CPU.ActiveCfg = Debug|Any CPU
		{136be969-0c3d-eee8-bd03-ef08b9620735}.Debug|Any CPU.Build.0 = Debug|Any CPU
		{e065393c-dee9-570f-43c7-3ebb420cd5f0}.Debug|Any CPU.ActiveCfg = Debug|Any CPU
		{e065393c-dee9-570f-43c7-3ebb420cd5f0}.Debug|Any CPU.Build.0 = Debug|Any CPU
		{70b126fd-be0c-0452-7497-4260e03e434a}.Debug|Any CPU.ActiveCfg = Debug|Any CPU
		{70b126fd-be0c-0452-7497-4260e03e434a}.Debug|Any CPU.Build.0 = Debug|Any CPU
		{783cd49e-be8e-3de1-1310-ef15fdfa7601}.Debug|Any CPU.ActiveCfg = Debug|Any CPU
		{783cd49e-be8e-3de1-1310-ef15fdfa7601}.Debug|Any CPU.Build.0 = Debug|Any CPU
		{3ac2777c-365d-e7ba-ba26-323183f82bae}.Debug|Any CPU.ActiveCfg = Debug|Any CPU
		{3ac2777c-365d-e7ba-ba26-323183f82bae}.Debug|Any CPU.Build.0 = Debug|Any CPU
		{7bb13109-9f98-f976-97cf-16dacfbf1a10}.Debug|Any CPU.ActiveCfg = Debug|Any CPU
		{7bb13109-9f98-f976-97cf-16dacfbf1a10}.Debug|Any CPU.Build.0 = Debug|Any CPU
		{1af38703-c795-f30c-f043-05cc0b79c3d0}.Debug|Any CPU.ActiveCfg = Debug|Any CPU
		{1af38703-c795-f30c-f043-05cc0b79c3d0}.Debug|Any CPU.Build.0 = Debug|Any CPU
		{e3274ba0-5656-328b-ea12-75339175a5c0}.Debug|Any CPU.ActiveCfg = Debug|Any CPU
		{e3274ba0-5656-328b-ea12-75339175a5c0}.Debug|Any CPU.Build.0 = Debug|Any CPU
		{1a1ca7cb-c499-a0ff-d999-a525389fd195}.Debug|Any CPU.ActiveCfg = Debug|Any CPU
		{1a1ca7cb-c499-a0ff-d999-a525389fd195}.Debug|Any CPU.Build.0 = Debug|Any CPU
		{74a69c71-5f97-22b1-1a74-a611afd2ec49}.Debug|Any CPU.ActiveCfg = Debug|Any CPU
		{74a69c71-5f97-22b1-1a74-a611afd2ec49}.Debug|Any CPU.Build.0 = Debug|Any CPU
	EndGlobalSection
	GlobalSection(SolutionProperties) = preSolution
		HideSolutionNode = FALSE
	EndGlobalSection
EndGlobal
